// !$*UTF8*$!
{
	archiveVersion = 1;
	classes = {
	};
	objectVersion = 56;
	objects = {

/* Begin PBXBuildFile section */
		F46BC49D2EC2D716003F453A /* MessagesListView.swift in Sources */ = {isa = PBXBuildFile; fileRef = F46BC4692EC2D70D003F453A /* MessagesListView.swift */; };
		F46BC49E2EC2D716003F453A /* LoginView.swift in Sources */ = {isa = PBXBuildFile; fileRef = F46BC46B2EC2D70D003F453A /* LoginView.swift */; };
		F46BC49F2EC2D716003F453A /* AuthViewModel.swift in Sources */ = {isa = PBXBuildFile; fileRef = F46BC46C2EC2D70D003F453A /* AuthViewModel.swift */; };
		F46BC4A02EC2D716003F453A /* ForgotPasswordView.swift in Sources */ = {isa = PBXBuildFile; fileRef = F46BC46D2EC2D70D003F453A /* ForgotPasswordView.swift */; };
		F46BC4A12EC2D716003F453A /* SignupView.swift in Sources */ = {isa = PBXBuildFile; fileRef = F46BC46E2EC2D70D003F453A /* SignupView.swift */; };
		F46BC4A22EC2D716003F453A /* FavoritesView.swift in Sources */ = {isa = PBXBuildFile; fileRef = F46BC4702EC2D70D003F453A /* FavoritesView.swift */; };
		F46BC4A32EC2D716003F453A /* GroupsListView.swift in Sources */ = {isa = PBXBuildFile; fileRef = F46BC4722EC2D70D003F453A /* GroupsListView.swift */; };
		F46BC4A42EC2D716003F453A /* ProfileView.swift in Sources */ = {isa = PBXBuildFile; fileRef = F46BC4742EC2D70D003F453A /* ProfileView.swift */; };
		F46BC4A52EC2D716003F453A /* FiltersView.swift in Sources */ = {isa = PBXBuildFile; fileRef = F46BC4772EC2D70D003F453A /* FiltersView.swift */; };
		F46BC4A62EC2D716003F453A /* PropertyDetailView.swift in Sources */ = {isa = PBXBuildFile; fileRef = F46BC4792EC2D70D003F453A /* PropertyDetailView.swift */; };
		F46BC4A72EC2D716003F453A /* PropertiesListView.swift in Sources */ = {isa = PBXBuildFile; fileRef = F46BC47B2EC2D70D003F453A /* PropertiesListView.swift */; };
		F46BC4A82EC2D716003F453A /* PropertyCardView.swift in Sources */ = {isa = PBXBuildFile; fileRef = F46BC47C2EC2D70D003F453A /* PropertyCardView.swift */; };
		F46BC4A92EC2D716003F453A /* PropertiesViewModel.swift in Sources */ = {isa = PBXBuildFile; fileRef = F46BC47D2EC2D70D003F453A /* PropertiesViewModel.swift */; };
		F46BC4AA2EC2D716003F453A /* OnboardingView.swift in Sources */ = {isa = PBXBuildFile; fileRef = F46BC47F2EC2D70D003F453A /* OnboardingView.swift */; };
		F46BC4AB2EC2D716003F453A /* Preview Assets.xcassets in Resources */ = {isa = PBXBuildFile; fileRef = F46BC4812EC2D70F003F453A /* Preview Assets.xcassets */; };
		F46BC4AC2EC2D716003F453A /* Theme.swift in Sources */ = {isa = PBXBuildFile; fileRef = F46BC4832EC2D710003F453A /* Theme.swift */; };
		F46BC4AD2EC2D716003F453A /* AppConfig.swift in Sources */ = {isa = PBXBuildFile; fileRef = F46BC4842EC2D710003F453A /* AppConfig.swift */; };
		F46BC4AE2EC2D716003F453A /* CustomButton.swift in Sources */ = {isa = PBXBuildFile; fileRef = F46BC4872EC2D711003F453A /* CustomButton.swift */; };
		F46BC4AF2EC2D716003F453A /* EmptyStateView.swift in Sources */ = {isa = PBXBuildFile; fileRef = F46BC4882EC2D711003F453A /* EmptyStateView.swift */; };
		F46BC4B02EC2D716003F453A /* LoadingView.swift in Sources */ = {isa = PBXBuildFile; fileRef = F46BC4892EC2D711003F453A /* LoadingView.swift */; };
		F46BC4B12EC2D716003F453A /* ErrorView.swift in Sources */ = {isa = PBXBuildFile; fileRef = F46BC48A2EC2D711003F453A /* ErrorView.swift */; };
		F46BC4B22EC2D716003F453A /* FilterChip.swift in Sources */ = {isa = PBXBuildFile; fileRef = F46BC48C2EC2D711003F453A /* FilterChip.swift */; };
		F46BC4B32EC2D716003F453A /* SearchBar.swift in Sources */ = {isa = PBXBuildFile; fileRef = F46BC48D2EC2D711003F453A /* SearchBar.swift */; };
		F46BC4B42EC2D716003F453A /* String+Extensions.swift in Sources */ = {isa = PBXBuildFile; fileRef = F46BC48F2EC2D713003F453A /* String+Extensions.swift */; };
		F46BC4B52EC2D716003F453A /* View+Extensions.swift in Sources */ = {isa = PBXBuildFile; fileRef = F46BC4902EC2D713003F453A /* View+Extensions.swift */; };
		F46BC4B62EC2D716003F453A /* Date+Extensions.swift in Sources */ = {isa = PBXBuildFile; fileRef = F46BC4912EC2D713003F453A /* Date+Extensions.swift */; };
		F46BC4B72EC2D716003F453A /* SupabaseAuth.swift in Sources */ = {isa = PBXBuildFile; fileRef = F46BC4942EC2D714003F453A /* SupabaseAuth.swift */; };
		F46BC4B82EC2D716003F453A /* AuthManager.swift in Sources */ = {isa = PBXBuildFile; fileRef = F46BC4952EC2D714003F453A /* AuthManager.swift */; };
		F46BC4B92EC2D716003F453A /* APIClient.swift in Sources */ = {isa = PBXBuildFile; fileRef = F46BC4972EC2D714003F453A /* APIClient.swift */; };
		F46BC4BA2EC2D716003F453A /* APIEndpoint.swift in Sources */ = {isa = PBXBuildFile; fileRef = F46BC4982EC2D714003F453A /* APIEndpoint.swift */; };
		F46BC4BB2EC2D716003F453A /* NetworkError.swift in Sources */ = {isa = PBXBuildFile; fileRef = F46BC4992EC2D714003F453A /* NetworkError.swift */; };
		F46BC4BD2EC2D716003F453A /* UserDefaultsManager.swift in Sources */ = {isa = PBXBuildFile; fileRef = F46BC49C2EC2D714003F453A /* UserDefaultsManager.swift */; };
		F46BC4C32EC2D863003F453A /* Conversation.swift in Sources */ = {isa = PBXBuildFile; fileRef = F46BC4BF2EC2D863003F453A /* Conversation.swift */; };
		F46BC4C42EC2D863003F453A /* Property.swift in Sources */ = {isa = PBXBuildFile; fileRef = F46BC4C02EC2D863003F453A /* Property.swift */; };
		F46BC4C52EC2D863003F453A /* User.swift in Sources */ = {isa = PBXBuildFile; fileRef = F46BC4C12EC2D863003F453A /* User.swift */; };
		F46BC4C62EC2D863003F453A /* Group.swift in Sources */ = {isa = PBXBuildFile; fileRef = F46BC4C22EC2D863003F453A /* Group.swift */; };
		F46BC4C82EC2DADC003F453A /* KeychainManager.swift in Sources */ = {isa = PBXBuildFile; fileRef = F46BC4C72EC2DADB003F453A /* KeychainManager.swift */; };
		F4BE8F9C2EC3680F00ABA917 /* OnboardingCoordinator.swift in Sources */ = {isa = PBXBuildFile; fileRef = F4BE8F8B2EC3680F00ABA917 /* OnboardingCoordinator.swift */; };
		F4BE8F9D2EC3680F00ABA917 /* OnboardingPersonalityView.swift in Sources */ = {isa = PBXBuildFile; fileRef = F4BE8F8D2EC3680F00ABA917 /* OnboardingPersonalityView.swift */; };
		F4BE8F9E2EC3680F00ABA917 /* OnboardingPreferencesView.swift in Sources */ = {isa = PBXBuildFile; fileRef = F4BE8F8E2EC3680F00ABA917 /* OnboardingPreferencesView.swift */; };
		F4BE8F9F2EC3680F00ABA917 /* OnboardingVerificationView.swift in Sources */ = {isa = PBXBuildFile; fileRef = F4BE8F8F2EC3680F00ABA917 /* OnboardingVerificationView.swift */; };
		F4BE8FA02EC3680F00ABA917 /* OnboardingHomeLifestyleView.swift in Sources */ = {isa = PBXBuildFile; fileRef = F4BE8F902EC3680F00ABA917 /* OnboardingHomeLifestyleView.swift */; };
		F4BE8FA12EC3680F00ABA917 /* OnboardingLifestyleView.swift in Sources */ = {isa = PBXBuildFile; fileRef = F4BE8F912EC3680F00ABA917 /* OnboardingLifestyleView.swift */; };
		F4BE8FA22EC3680F00ABA917 /* OnboardingPropertyBasicsView.swift in Sources */ = {isa = PBXBuildFile; fileRef = F4BE8F922EC3680F00ABA917 /* OnboardingPropertyBasicsView.swift */; };
		F4BE8FA32EC3680F00ABA917 /* OnboardingOwnerAboutView.swift in Sources */ = {isa = PBXBuildFile; fileRef = F4BE8F932EC3680F00ABA917 /* OnboardingOwnerAboutView.swift */; };
		F4BE8FA42EC3680F00ABA917 /* OnboardingIdealColivingView.swift in Sources */ = {isa = PBXBuildFile; fileRef = F4BE8F942EC3680F00ABA917 /* OnboardingIdealColivingView.swift */; };
		F4BE8FA52EC3680F00ABA917 /* OnboardingPaymentInfoView.swift in Sources */ = {isa = PBXBuildFile; fileRef = F4BE8F952EC3680F00ABA917 /* OnboardingPaymentInfoView.swift */; };
		F4BE8FA62EC3680F00ABA917 /* OnboardingDailyHabitsView.swift in Sources */ = {isa = PBXBuildFile; fileRef = F4BE8F962EC3680F00ABA917 /* OnboardingDailyHabitsView.swift */; };
		F4BE8FA72EC3680F00ABA917 /* OnboardingBasicInfoView.swift in Sources */ = {isa = PBXBuildFile; fileRef = F4BE8F972EC3680F00ABA917 /* OnboardingBasicInfoView.swift */; };
		F4BE8FA82EC3680F00ABA917 /* OnboardingReviewView.swift in Sources */ = {isa = PBXBuildFile; fileRef = F4BE8F982EC3680F00ABA917 /* OnboardingReviewView.swift */; };
		F4BE8FA92EC3680F00ABA917 /* OnboardingLivingSituationView.swift in Sources */ = {isa = PBXBuildFile; fileRef = F4BE8F992EC3680F00ABA917 /* OnboardingLivingSituationView.swift */; };
		F4BE8FAA2EC3680F00ABA917 /* OnboardingSocialVibeView.swift in Sources */ = {isa = PBXBuildFile; fileRef = F4BE8F9A2EC3680F00ABA917 /* OnboardingSocialVibeView.swift */; };
		F4BE8FAB2EC3680F00ABA917 /* OnboardingView.swift in Sources */ = {isa = PBXBuildFile; fileRef = F4BE8F9B2EC3680F00ABA917 /* OnboardingView.swift */; };
		F4CED5172EC2D0130099AC70 /* EasyCoApp.swift in Sources */ = {isa = PBXBuildFile; fileRef = F4CED5162EC2D0130099AC70 /* EasyCoApp.swift */; };
		F4CED5192EC2D0130099AC70 /* ContentView.swift in Sources */ = {isa = PBXBuildFile; fileRef = F4CED5182EC2D0130099AC70 /* ContentView.swift */; };
		F4CED51B2EC2D0170099AC70 /* Assets.xcassets in Resources */ = {isa = PBXBuildFile; fileRef = F4CED51A2EC2D0170099AC70 /* Assets.xcassets */; };
		F4CED51E2EC2D0170099AC70 /* Preview Assets.xcassets in Resources */ = {isa = PBXBuildFile; fileRef = F4CED51D2EC2D0170099AC70 /* Preview Assets.xcassets */; };
		F4D17A6C2ECCF29300FA5393 /* AlertsView.swift in Sources */ = {isa = PBXBuildFile; fileRef = F4D17A692ECCF29300FA5393 /* AlertsView.swift */; };
		F4D17A6D2ECCF29300FA5393 /* CreateAlertView.swift in Sources */ = {isa = PBXBuildFile; fileRef = F4D17A6A2ECCF29300FA5393 /* CreateAlertView.swift */; };
		F4D17A6F2ECD0AC600FA5393 /* Alert.swift in Sources */ = {isa = PBXBuildFile; fileRef = F4D17A6E2ECD0AC600FA5393 /* Alert.swift */; };
		F4D17A782ECD0B1600FA5393 /* NotificationService.swift in Sources */ = {isa = PBXBuildFile; fileRef = F4D17A752ECD0B1600FA5393 /* NotificationService.swift */; };
		F4D17A792ECD0B1600FA5393 /* PushNotificationService.swift in Sources */ = {isa = PBXBuildFile; fileRef = F4D17A762ECD0B1600FA5393 /* PushNotificationService.swift */; };
		F4D17A7A2ECD0B1600FA5393 /* AlertsManager.swift in Sources */ = {isa = PBXBuildFile; fileRef = F4D17A722ECD0B1600FA5393 /* AlertsManager.swift */; };
		F4D17A7B2ECD0B1600FA5393 /* ImageCache.swift in Sources */ = {isa = PBXBuildFile; fileRef = F4D17A742ECD0B1600FA5393 /* ImageCache.swift */; };
		F4D17A7C2ECD0B1600FA5393 /* AnalyticsService.swift in Sources */ = {isa = PBXBuildFile; fileRef = F4D17A732ECD0B1600FA5393 /* AnalyticsService.swift */; };
		F4D17A7E2ECD17C400FA5393 /* Analytics.swift in Sources */ = {isa = PBXBuildFile; fileRef = F4D17A7D2ECD17C400FA5393 /* Analytics.swift */; };
		F4D17A802ECD183600FA5393 /* Notification.swift in Sources */ = {isa = PBXBuildFile; fileRef = F4D17A7F2ECD183600FA5393 /* Notification.swift */; };
		F4D17A852ECD19D600FA5393 /* Translations.swift in Sources */ = {isa = PBXBuildFile; fileRef = F4D17A832ECD19D600FA5393 /* Translations.swift */; };
		F4D17A862ECD19D600FA5393 /* LanguageManager.swift in Sources */ = {isa = PBXBuildFile; fileRef = F4D17A822ECD19D600FA5393 /* LanguageManager.swift */; };
		F4D17A872ECD19D600FA5393 /* Language.swift in Sources */ = {isa = PBXBuildFile; fileRef = F4D17A812ECD19D600FA5393 /* Language.swift */; };
		F4D17A892ECD1CE400FA5393 /* EnhancedProfile.swift in Sources */ = {isa = PBXBuildFile; fileRef = F4D17A882ECD1CE400FA5393 /* EnhancedProfile.swift */; };
		F4D17A8C2ECD1CFD00FA5393 /* EnhancedProfileStepViews.swift in Sources */ = {isa = PBXBuildFile; fileRef = F4D17A8A2ECD1CFD00FA5393 /* EnhancedProfileStepViews.swift */; };
		F4D17A8D2ECD1CFD00FA5393 /* ProfileCompletionView.swift in Sources */ = {isa = PBXBuildFile; fileRef = F4D17A8B2ECD1CFD00FA5393 /* ProfileCompletionView.swift */; };
		F4D17A932ECD22A600FA5393 /* NotificationCenterView.swift in Sources */ = {isa = PBXBuildFile; fileRef = F4D17A8E2ECD22A600FA5393 /* NotificationCenterView.swift */; };
		F4D17A962ECD281200FA5393 /* Privacy.swift in Sources */ = {isa = PBXBuildFile; fileRef = F4D17A952ECD281200FA5393 /* Privacy.swift */; };
		F4D17A992ECD283F00FA5393 /* PrivacyActionsViews.swift in Sources */ = {isa = PBXBuildFile; fileRef = F4D17A972ECD283F00FA5393 /* PrivacyActionsViews.swift */; };
		F4D17A9A2ECD283F00FA5393 /* PrivacySettingsView.swift in Sources */ = {isa = PBXBuildFile; fileRef = F4D17A982ECD283F00FA5393 /* PrivacySettingsView.swift */; };
		F4D17A9C2ECD383D00FA5393 /* PropertyComparisonManager.swift in Sources */ = {isa = PBXBuildFile; fileRef = F4D17A9B2ECD383D00FA5393 /* PropertyComparisonManager.swift */; };
		F4D17A9E2ECD385C00FA5393 /* PropertyComparisonView.swift in Sources */ = {isa = PBXBuildFile; fileRef = F4D17A9D2ECD385C00FA5393 /* PropertyComparisonView.swift */; };
/* End PBXBuildFile section */

/* Begin PBXContainerItemProxy section */
		F4CED5242EC2D0170099AC70 /* PBXContainerItemProxy */ = {
			isa = PBXContainerItemProxy;
			containerPortal = F4CED50B2EC2D0130099AC70 /* Project object */;
			proxyType = 1;
			remoteGlobalIDString = F4CED5122EC2D0130099AC70;
			remoteInfo = EasyCo;
		};
		F4CED52E2EC2D0180099AC70 /* PBXContainerItemProxy */ = {
			isa = PBXContainerItemProxy;
			containerPortal = F4CED50B2EC2D0130099AC70 /* Project object */;
			proxyType = 1;
			remoteGlobalIDString = F4CED5122EC2D0130099AC70;
			remoteInfo = EasyCo;
		};
/* End PBXContainerItemProxy section */

/* Begin PBXFileReference section */
		F46BC4692EC2D70D003F453A /* MessagesListView.swift */ = {isa = PBXFileReference; fileEncoding = 4; lastKnownFileType = sourcecode.swift; path = MessagesListView.swift; sourceTree = "<group>"; };
		F46BC46B2EC2D70D003F453A /* LoginView.swift */ = {isa = PBXFileReference; fileEncoding = 4; lastKnownFileType = sourcecode.swift; path = LoginView.swift; sourceTree = "<group>"; };
		F46BC46C2EC2D70D003F453A /* AuthViewModel.swift */ = {isa = PBXFileReference; fileEncoding = 4; lastKnownFileType = sourcecode.swift; path = AuthViewModel.swift; sourceTree = "<group>"; };
		F46BC46D2EC2D70D003F453A /* ForgotPasswordView.swift */ = {isa = PBXFileReference; fileEncoding = 4; lastKnownFileType = sourcecode.swift; path = ForgotPasswordView.swift; sourceTree = "<group>"; };
		F46BC46E2EC2D70D003F453A /* SignupView.swift */ = {isa = PBXFileReference; fileEncoding = 4; lastKnownFileType = sourcecode.swift; path = SignupView.swift; sourceTree = "<group>"; };
		F46BC4702EC2D70D003F453A /* FavoritesView.swift */ = {isa = PBXFileReference; fileEncoding = 4; lastKnownFileType = sourcecode.swift; path = FavoritesView.swift; sourceTree = "<group>"; };
		F46BC4722EC2D70D003F453A /* GroupsListView.swift */ = {isa = PBXFileReference; fileEncoding = 4; lastKnownFileType = sourcecode.swift; path = GroupsListView.swift; sourceTree = "<group>"; };
		F46BC4742EC2D70D003F453A /* ProfileView.swift */ = {isa = PBXFileReference; fileEncoding = 4; lastKnownFileType = sourcecode.swift; path = ProfileView.swift; sourceTree = "<group>"; };
		F46BC4772EC2D70D003F453A /* FiltersView.swift */ = {isa = PBXFileReference; fileEncoding = 4; lastKnownFileType = sourcecode.swift; path = FiltersView.swift; sourceTree = "<group>"; };
		F46BC4792EC2D70D003F453A /* PropertyDetailView.swift */ = {isa = PBXFileReference; fileEncoding = 4; lastKnownFileType = sourcecode.swift; path = PropertyDetailView.swift; sourceTree = "<group>"; };
		F46BC47B2EC2D70D003F453A /* PropertiesListView.swift */ = {isa = PBXFileReference; fileEncoding = 4; lastKnownFileType = sourcecode.swift; path = PropertiesListView.swift; sourceTree = "<group>"; };
		F46BC47C2EC2D70D003F453A /* PropertyCardView.swift */ = {isa = PBXFileReference; fileEncoding = 4; lastKnownFileType = sourcecode.swift; path = PropertyCardView.swift; sourceTree = "<group>"; };
		F46BC47D2EC2D70D003F453A /* PropertiesViewModel.swift */ = {isa = PBXFileReference; fileEncoding = 4; lastKnownFileType = sourcecode.swift; path = PropertiesViewModel.swift; sourceTree = "<group>"; };
		F46BC47F2EC2D70D003F453A /* OnboardingView.swift */ = {isa = PBXFileReference; fileEncoding = 4; lastKnownFileType = sourcecode.swift; path = OnboardingView.swift; sourceTree = "<group>"; };
		F46BC4812EC2D70F003F453A /* Preview Assets.xcassets */ = {isa = PBXFileReference; lastKnownFileType = folder.assetcatalog; path = "Preview Assets.xcassets"; sourceTree = "<group>"; };
		F46BC4832EC2D710003F453A /* Theme.swift */ = {isa = PBXFileReference; fileEncoding = 4; lastKnownFileType = sourcecode.swift; path = Theme.swift; sourceTree = "<group>"; };
		F46BC4842EC2D710003F453A /* AppConfig.swift */ = {isa = PBXFileReference; fileEncoding = 4; lastKnownFileType = sourcecode.swift; path = AppConfig.swift; sourceTree = "<group>"; };
		F46BC4872EC2D711003F453A /* CustomButton.swift */ = {isa = PBXFileReference; fileEncoding = 4; lastKnownFileType = sourcecode.swift; path = CustomButton.swift; sourceTree = "<group>"; };
		F46BC4882EC2D711003F453A /* EmptyStateView.swift */ = {isa = PBXFileReference; fileEncoding = 4; lastKnownFileType = sourcecode.swift; path = EmptyStateView.swift; sourceTree = "<group>"; };
		F46BC4892EC2D711003F453A /* LoadingView.swift */ = {isa = PBXFileReference; fileEncoding = 4; lastKnownFileType = sourcecode.swift; path = LoadingView.swift; sourceTree = "<group>"; };
		F46BC48A2EC2D711003F453A /* ErrorView.swift */ = {isa = PBXFileReference; fileEncoding = 4; lastKnownFileType = sourcecode.swift; path = ErrorView.swift; sourceTree = "<group>"; };
		F46BC48C2EC2D711003F453A /* FilterChip.swift */ = {isa = PBXFileReference; fileEncoding = 4; lastKnownFileType = sourcecode.swift; path = FilterChip.swift; sourceTree = "<group>"; };
		F46BC48D2EC2D711003F453A /* SearchBar.swift */ = {isa = PBXFileReference; fileEncoding = 4; lastKnownFileType = sourcecode.swift; path = SearchBar.swift; sourceTree = "<group>"; };
		F46BC48F2EC2D713003F453A /* String+Extensions.swift */ = {isa = PBXFileReference; fileEncoding = 4; lastKnownFileType = sourcecode.swift; path = "String+Extensions.swift"; sourceTree = "<group>"; };
		F46BC4902EC2D713003F453A /* View+Extensions.swift */ = {isa = PBXFileReference; fileEncoding = 4; lastKnownFileType = sourcecode.swift; path = "View+Extensions.swift"; sourceTree = "<group>"; };
		F46BC4912EC2D713003F453A /* Date+Extensions.swift */ = {isa = PBXFileReference; fileEncoding = 4; lastKnownFileType = sourcecode.swift; path = "Date+Extensions.swift"; sourceTree = "<group>"; };
		F46BC4942EC2D714003F453A /* SupabaseAuth.swift */ = {isa = PBXFileReference; fileEncoding = 4; lastKnownFileType = sourcecode.swift; path = SupabaseAuth.swift; sourceTree = "<group>"; };
		F46BC4952EC2D714003F453A /* AuthManager.swift */ = {isa = PBXFileReference; fileEncoding = 4; lastKnownFileType = sourcecode.swift; path = AuthManager.swift; sourceTree = "<group>"; };
		F46BC4972EC2D714003F453A /* APIClient.swift */ = {isa = PBXFileReference; fileEncoding = 4; lastKnownFileType = sourcecode.swift; path = APIClient.swift; sourceTree = "<group>"; };
		F46BC4982EC2D714003F453A /* APIEndpoint.swift */ = {isa = PBXFileReference; fileEncoding = 4; lastKnownFileType = sourcecode.swift; path = APIEndpoint.swift; sourceTree = "<group>"; };
		F46BC4992EC2D714003F453A /* NetworkError.swift */ = {isa = PBXFileReference; fileEncoding = 4; lastKnownFileType = sourcecode.swift; path = NetworkError.swift; sourceTree = "<group>"; };
		F46BC49C2EC2D714003F453A /* UserDefaultsManager.swift */ = {isa = PBXFileReference; fileEncoding = 4; lastKnownFileType = sourcecode.swift; path = UserDefaultsManager.swift; sourceTree = "<group>"; };
		F46BC4BF2EC2D863003F453A /* Conversation.swift */ = {isa = PBXFileReference; fileEncoding = 4; lastKnownFileType = sourcecode.swift; path = Conversation.swift; sourceTree = "<group>"; };
		F46BC4C02EC2D863003F453A /* Property.swift */ = {isa = PBXFileReference; fileEncoding = 4; lastKnownFileType = sourcecode.swift; path = Property.swift; sourceTree = "<group>"; };
		F46BC4C12EC2D863003F453A /* User.swift */ = {isa = PBXFileReference; fileEncoding = 4; lastKnownFileType = sourcecode.swift; path = User.swift; sourceTree = "<group>"; };
		F46BC4C22EC2D863003F453A /* Group.swift */ = {isa = PBXFileReference; fileEncoding = 4; lastKnownFileType = sourcecode.swift; path = Group.swift; sourceTree = "<group>"; };
		F46BC4C72EC2DADB003F453A /* KeychainManager.swift */ = {isa = PBXFileReference; fileEncoding = 4; lastKnownFileType = sourcecode.swift; path = KeychainManager.swift; sourceTree = "<group>"; };
		F4BE8F8B2EC3680F00ABA917 /* OnboardingCoordinator.swift */ = {isa = PBXFileReference; fileEncoding = 4; lastKnownFileType = sourcecode.swift; path = OnboardingCoordinator.swift; sourceTree = "<group>"; };
		F4BE8F8D2EC3680F00ABA917 /* OnboardingPersonalityView.swift */ = {isa = PBXFileReference; fileEncoding = 4; lastKnownFileType = sourcecode.swift; path = OnboardingPersonalityView.swift; sourceTree = "<group>"; };
		F4BE8F8E2EC3680F00ABA917 /* OnboardingPreferencesView.swift */ = {isa = PBXFileReference; fileEncoding = 4; lastKnownFileType = sourcecode.swift; path = OnboardingPreferencesView.swift; sourceTree = "<group>"; };
		F4BE8F8F2EC3680F00ABA917 /* OnboardingVerificationView.swift */ = {isa = PBXFileReference; fileEncoding = 4; lastKnownFileType = sourcecode.swift; path = OnboardingVerificationView.swift; sourceTree = "<group>"; };
		F4BE8F902EC3680F00ABA917 /* OnboardingHomeLifestyleView.swift */ = {isa = PBXFileReference; fileEncoding = 4; lastKnownFileType = sourcecode.swift; path = OnboardingHomeLifestyleView.swift; sourceTree = "<group>"; };
		F4BE8F912EC3680F00ABA917 /* OnboardingLifestyleView.swift */ = {isa = PBXFileReference; fileEncoding = 4; lastKnownFileType = sourcecode.swift; path = OnboardingLifestyleView.swift; sourceTree = "<group>"; };
		F4BE8F922EC3680F00ABA917 /* OnboardingPropertyBasicsView.swift */ = {isa = PBXFileReference; fileEncoding = 4; lastKnownFileType = sourcecode.swift; path = OnboardingPropertyBasicsView.swift; sourceTree = "<group>"; };
		F4BE8F932EC3680F00ABA917 /* OnboardingOwnerAboutView.swift */ = {isa = PBXFileReference; fileEncoding = 4; lastKnownFileType = sourcecode.swift; path = OnboardingOwnerAboutView.swift; sourceTree = "<group>"; };
		F4BE8F942EC3680F00ABA917 /* OnboardingIdealColivingView.swift */ = {isa = PBXFileReference; fileEncoding = 4; lastKnownFileType = sourcecode.swift; path = OnboardingIdealColivingView.swift; sourceTree = "<group>"; };
		F4BE8F952EC3680F00ABA917 /* OnboardingPaymentInfoView.swift */ = {isa = PBXFileReference; fileEncoding = 4; lastKnownFileType = sourcecode.swift; path = OnboardingPaymentInfoView.swift; sourceTree = "<group>"; };
		F4BE8F962EC3680F00ABA917 /* OnboardingDailyHabitsView.swift */ = {isa = PBXFileReference; fileEncoding = 4; lastKnownFileType = sourcecode.swift; path = OnboardingDailyHabitsView.swift; sourceTree = "<group>"; };
		F4BE8F972EC3680F00ABA917 /* OnboardingBasicInfoView.swift */ = {isa = PBXFileReference; fileEncoding = 4; lastKnownFileType = sourcecode.swift; path = OnboardingBasicInfoView.swift; sourceTree = "<group>"; };
		F4BE8F982EC3680F00ABA917 /* OnboardingReviewView.swift */ = {isa = PBXFileReference; fileEncoding = 4; lastKnownFileType = sourcecode.swift; path = OnboardingReviewView.swift; sourceTree = "<group>"; };
		F4BE8F992EC3680F00ABA917 /* OnboardingLivingSituationView.swift */ = {isa = PBXFileReference; fileEncoding = 4; lastKnownFileType = sourcecode.swift; path = OnboardingLivingSituationView.swift; sourceTree = "<group>"; };
		F4BE8F9A2EC3680F00ABA917 /* OnboardingSocialVibeView.swift */ = {isa = PBXFileReference; fileEncoding = 4; lastKnownFileType = sourcecode.swift; path = OnboardingSocialVibeView.swift; sourceTree = "<group>"; };
		F4BE8F9B2EC3680F00ABA917 /* OnboardingView.swift */ = {isa = PBXFileReference; fileEncoding = 4; lastKnownFileType = sourcecode.swift; path = OnboardingView.swift; sourceTree = "<group>"; };
		F4CED5132EC2D0130099AC70 /* EasyCo.app */ = {isa = PBXFileReference; explicitFileType = wrapper.application; includeInIndex = 0; path = EasyCo.app; sourceTree = BUILT_PRODUCTS_DIR; };
		F4CED5162EC2D0130099AC70 /* EasyCoApp.swift */ = {isa = PBXFileReference; lastKnownFileType = sourcecode.swift; path = EasyCoApp.swift; sourceTree = "<group>"; };
		F4CED5182EC2D0130099AC70 /* ContentView.swift */ = {isa = PBXFileReference; lastKnownFileType = sourcecode.swift; path = ContentView.swift; sourceTree = "<group>"; };
		F4CED51A2EC2D0170099AC70 /* Assets.xcassets */ = {isa = PBXFileReference; lastKnownFileType = folder.assetcatalog; path = Assets.xcassets; sourceTree = "<group>"; };
		F4CED51D2EC2D0170099AC70 /* Preview Assets.xcassets */ = {isa = PBXFileReference; lastKnownFileType = folder.assetcatalog; path = "Preview Assets.xcassets"; sourceTree = "<group>"; };
		F4CED5232EC2D0170099AC70 /* EasyCoTests.xctest */ = {isa = PBXFileReference; explicitFileType = wrapper.cfbundle; includeInIndex = 0; path = EasyCoTests.xctest; sourceTree = BUILT_PRODUCTS_DIR; };
		F4CED52D2EC2D0180099AC70 /* EasyCoUITests.xctest */ = {isa = PBXFileReference; explicitFileType = wrapper.cfbundle; includeInIndex = 0; path = EasyCoUITests.xctest; sourceTree = BUILT_PRODUCTS_DIR; };
		F4D17A692ECCF29300FA5393 /* AlertsView.swift */ = {isa = PBXFileReference; lastKnownFileType = sourcecode.swift; path = AlertsView.swift; sourceTree = "<group>"; };
		F4D17A6A2ECCF29300FA5393 /* CreateAlertView.swift */ = {isa = PBXFileReference; lastKnownFileType = sourcecode.swift; path = CreateAlertView.swift; sourceTree = "<group>"; };
		F4D17A6E2ECD0AC600FA5393 /* Alert.swift */ = {isa = PBXFileReference; lastKnownFileType = sourcecode.swift; path = Alert.swift; sourceTree = "<group>"; };
		F4D17A722ECD0B1600FA5393 /* AlertsManager.swift */ = {isa = PBXFileReference; lastKnownFileType = sourcecode.swift; path = AlertsManager.swift; sourceTree = "<group>"; };
		F4D17A732ECD0B1600FA5393 /* AnalyticsService.swift */ = {isa = PBXFileReference; lastKnownFileType = sourcecode.swift; path = AnalyticsService.swift; sourceTree = "<group>"; };
		F4D17A742ECD0B1600FA5393 /* ImageCache.swift */ = {isa = PBXFileReference; lastKnownFileType = sourcecode.swift; path = ImageCache.swift; sourceTree = "<group>"; };
		F4D17A752ECD0B1600FA5393 /* NotificationService.swift */ = {isa = PBXFileReference; lastKnownFileType = sourcecode.swift; path = NotificationService.swift; sourceTree = "<group>"; };
		F4D17A762ECD0B1600FA5393 /* PushNotificationService.swift */ = {isa = PBXFileReference; lastKnownFileType = sourcecode.swift; path = PushNotificationService.swift; sourceTree = "<group>"; };
		F4D17A7D2ECD17C400FA5393 /* Analytics.swift */ = {isa = PBXFileReference; lastKnownFileType = sourcecode.swift; path = Analytics.swift; sourceTree = "<group>"; };
		F4D17A7F2ECD183600FA5393 /* Notification.swift */ = {isa = PBXFileReference; lastKnownFileType = sourcecode.swift; path = Notification.swift; sourceTree = "<group>"; };
		F4D17A812ECD19D600FA5393 /* Language.swift */ = {isa = PBXFileReference; lastKnownFileType = sourcecode.swift; path = Language.swift; sourceTree = "<group>"; };
		F4D17A822ECD19D600FA5393 /* LanguageManager.swift */ = {isa = PBXFileReference; lastKnownFileType = sourcecode.swift; path = LanguageManager.swift; sourceTree = "<group>"; };
		F4D17A832ECD19D600FA5393 /* Translations.swift */ = {isa = PBXFileReference; lastKnownFileType = sourcecode.swift; path = Translations.swift; sourceTree = "<group>"; };
		F4D17A882ECD1CE400FA5393 /* EnhancedProfile.swift */ = {isa = PBXFileReference; lastKnownFileType = sourcecode.swift; path = EnhancedProfile.swift; sourceTree = "<group>"; };
		F4D17A8A2ECD1CFD00FA5393 /* EnhancedProfileStepViews.swift */ = {isa = PBXFileReference; lastKnownFileType = sourcecode.swift; path = EnhancedProfileStepViews.swift; sourceTree = "<group>"; };
		F4D17A8B2ECD1CFD00FA5393 /* ProfileCompletionView.swift */ = {isa = PBXFileReference; lastKnownFileType = sourcecode.swift; path = ProfileCompletionView.swift; sourceTree = "<group>"; };
		F4D17A8E2ECD22A600FA5393 /* NotificationCenterView.swift */ = {isa = PBXFileReference; lastKnownFileType = sourcecode.swift; path = NotificationCenterView.swift; sourceTree = "<group>"; };
		F4D17A952ECD281200FA5393 /* Privacy.swift */ = {isa = PBXFileReference; lastKnownFileType = sourcecode.swift; path = Privacy.swift; sourceTree = "<group>"; };
		F4D17A972ECD283F00FA5393 /* PrivacyActionsViews.swift */ = {isa = PBXFileReference; lastKnownFileType = sourcecode.swift; path = PrivacyActionsViews.swift; sourceTree = "<group>"; };
		F4D17A982ECD283F00FA5393 /* PrivacySettingsView.swift */ = {isa = PBXFileReference; lastKnownFileType = sourcecode.swift; path = PrivacySettingsView.swift; sourceTree = "<group>"; };
		F4D17A9B2ECD383D00FA5393 /* PropertyComparisonManager.swift */ = {isa = PBXFileReference; lastKnownFileType = sourcecode.swift; path = PropertyComparisonManager.swift; sourceTree = "<group>"; };
		F4D17A9D2ECD385C00FA5393 /* PropertyComparisonView.swift */ = {isa = PBXFileReference; lastKnownFileType = sourcecode.swift; path = PropertyComparisonView.swift; sourceTree = "<group>"; };
/* End PBXFileReference section */

/* Begin PBXFrameworksBuildPhase section */
		F4CED5102EC2D0130099AC70 /* Frameworks */ = {
			isa = PBXFrameworksBuildPhase;
			buildActionMask = 2147483647;
			files = (
			);
			runOnlyForDeploymentPostprocessing = 0;
		};
		F4CED5202EC2D0170099AC70 /* Frameworks */ = {
			isa = PBXFrameworksBuildPhase;
			buildActionMask = 2147483647;
			files = (
			);
			runOnlyForDeploymentPostprocessing = 0;
		};
		F4CED52A2EC2D0180099AC70 /* Frameworks */ = {
			isa = PBXFrameworksBuildPhase;
			buildActionMask = 2147483647;
			files = (
			);
			runOnlyForDeploymentPostprocessing = 0;
		};
/* End PBXFrameworksBuildPhase section */

/* Begin PBXGroup section */
		F46BC4672EC2D70D003F453A /* Features */ = {
			isa = PBXGroup;
			children = (
				F4D17A972ECD283F00FA5393 /* PrivacyActionsViews.swift */,
				F4D17A982ECD283F00FA5393 /* PrivacySettingsView.swift */,
				F4D17A912ECD22A600FA5393 /* Notifications */,
				F4D17A6B2ECCF29300FA5393 /* Alerts */,
				F46BC4682EC2D70D003F453A /* Messages */,
				F46BC46A2EC2D70D003F453A /* Auth */,
				F46BC46F2EC2D70D003F453A /* Favorites */,
				F46BC4712EC2D70D003F453A /* Groups */,
				F46BC4732EC2D70D003F453A /* Profile */,
				F46BC4752EC2D70D003F453A /* Properties */,
				F46BC47E2EC2D70D003F453A /* Onboarding */,
			);
			path = Features;
			sourceTree = "<group>";
		};
		F46BC4682EC2D70D003F453A /* Messages */ = {
			isa = PBXGroup;
			children = (
				F46BC4692EC2D70D003F453A /* MessagesListView.swift */,
			);
			path = Messages;
			sourceTree = "<group>";
		};
		F46BC46A2EC2D70D003F453A /* Auth */ = {
			isa = PBXGroup;
			children = (
				F46BC46B2EC2D70D003F453A /* LoginView.swift */,
				F46BC46C2EC2D70D003F453A /* AuthViewModel.swift */,
				F46BC46D2EC2D70D003F453A /* ForgotPasswordView.swift */,
				F46BC46E2EC2D70D003F453A /* SignupView.swift */,
			);
			path = Auth;
			sourceTree = "<group>";
		};
		F46BC46F2EC2D70D003F453A /* Favorites */ = {
			isa = PBXGroup;
			children = (
				F46BC4702EC2D70D003F453A /* FavoritesView.swift */,
			);
			path = Favorites;
			sourceTree = "<group>";
		};
		F46BC4712EC2D70D003F453A /* Groups */ = {
			isa = PBXGroup;
			children = (
				F46BC4722EC2D70D003F453A /* GroupsListView.swift */,
			);
			path = Groups;
			sourceTree = "<group>";
		};
		F46BC4732EC2D70D003F453A /* Profile */ = {
			isa = PBXGroup;
			children = (
				F4D17A8A2ECD1CFD00FA5393 /* EnhancedProfileStepViews.swift */,
				F4D17A8B2ECD1CFD00FA5393 /* ProfileCompletionView.swift */,
				F46BC4742EC2D70D003F453A /* ProfileView.swift */,
			);
			path = Profile;
			sourceTree = "<group>";
		};
		F46BC4752EC2D70D003F453A /* Properties */ = {
			isa = PBXGroup;
			children = (
				F4D17A9D2ECD385C00FA5393 /* PropertyComparisonView.swift */,
				F46BC4762EC2D70D003F453A /* Filters */,
				F46BC4782EC2D70D003F453A /* Detail */,
				F46BC47A2EC2D70D003F453A /* List */,
			);
			path = Properties;
			sourceTree = "<group>";
		};
		F46BC4762EC2D70D003F453A /* Filters */ = {
			isa = PBXGroup;
			children = (
				F46BC4772EC2D70D003F453A /* FiltersView.swift */,
			);
			path = Filters;
			sourceTree = "<group>";
		};
		F46BC4782EC2D70D003F453A /* Detail */ = {
			isa = PBXGroup;
			children = (
				F46BC4792EC2D70D003F453A /* PropertyDetailView.swift */,
			);
			path = Detail;
			sourceTree = "<group>";
		};
		F46BC47A2EC2D70D003F453A /* List */ = {
			isa = PBXGroup;
			children = (
				F46BC47B2EC2D70D003F453A /* PropertiesListView.swift */,
				F46BC47C2EC2D70D003F453A /* PropertyCardView.swift */,
				F46BC47D2EC2D70D003F453A /* PropertiesViewModel.swift */,
			);
			path = List;
			sourceTree = "<group>";
		};
		F46BC47E2EC2D70D003F453A /* Onboarding */ = {
			isa = PBXGroup;
			children = (
				F4BE8F8A2EC3680F00ABA917 /* Onboarding */,
				F46BC47F2EC2D70D003F453A /* OnboardingView.swift */,
			);
			path = Onboarding;
			sourceTree = "<group>";
		};
		F46BC4802EC2D70F003F453A /* Preview Content */ = {
			isa = PBXGroup;
			children = (
				F46BC4812EC2D70F003F453A /* Preview Assets.xcassets */,
			);
			path = "Preview Content";
			sourceTree = "<group>";
		};
		F46BC4822EC2D710003F453A /* Config */ = {
			isa = PBXGroup;
			children = (
				F46BC4832EC2D710003F453A /* Theme.swift */,
				F46BC4842EC2D710003F453A /* AppConfig.swift */,
			);
			path = Config;
			sourceTree = "<group>";
		};
		F46BC4852EC2D711003F453A /* Components */ = {
			isa = PBXGroup;
			children = (
				F46BC4862EC2D711003F453A /* Common */,
				F46BC48B2EC2D711003F453A /* Custom */,
			);
			path = Components;
			sourceTree = "<group>";
		};
		F46BC4862EC2D711003F453A /* Common */ = {
			isa = PBXGroup;
			children = (
				F46BC4872EC2D711003F453A /* CustomButton.swift */,
				F46BC4882EC2D711003F453A /* EmptyStateView.swift */,
				F46BC4892EC2D711003F453A /* LoadingView.swift */,
				F46BC48A2EC2D711003F453A /* ErrorView.swift */,
			);
			path = Common;
			sourceTree = "<group>";
		};
		F46BC48B2EC2D711003F453A /* Custom */ = {
			isa = PBXGroup;
			children = (
				F46BC48C2EC2D711003F453A /* FilterChip.swift */,
				F46BC48D2EC2D711003F453A /* SearchBar.swift */,
			);
			path = Custom;
			sourceTree = "<group>";
		};
		F46BC48E2EC2D713003F453A /* Extensions */ = {
			isa = PBXGroup;
			children = (
				F46BC48F2EC2D713003F453A /* String+Extensions.swift */,
				F46BC4902EC2D713003F453A /* View+Extensions.swift */,
				F46BC4912EC2D713003F453A /* Date+Extensions.swift */,
			);
			path = Extensions;
			sourceTree = "<group>";
		};
		F46BC4922EC2D714003F453A /* Core */ = {
			isa = PBXGroup;
			children = (
				F4D17A772ECD0B1600FA5393 /* Services */,
				F46BC4932EC2D714003F453A /* Auth */,
				F46BC4962EC2D714003F453A /* Network */,
				F46BC49A2EC2D714003F453A /* Storage */,
			);
			path = Core;
			sourceTree = "<group>";
		};
		F46BC4932EC2D714003F453A /* Auth */ = {
			isa = PBXGroup;
			children = (
				F46BC4942EC2D714003F453A /* SupabaseAuth.swift */,
				F46BC4952EC2D714003F453A /* AuthManager.swift */,
			);
			path = Auth;
			sourceTree = "<group>";
		};
		F46BC4962EC2D714003F453A /* Network */ = {
			isa = PBXGroup;
			children = (
				F46BC4972EC2D714003F453A /* APIClient.swift */,
				F46BC4982EC2D714003F453A /* APIEndpoint.swift */,
				F46BC4992EC2D714003F453A /* NetworkError.swift */,
			);
			path = Network;
			sourceTree = "<group>";
		};
		F46BC49A2EC2D714003F453A /* Storage */ = {
			isa = PBXGroup;
			children = (
				F46BC4C72EC2DADB003F453A /* KeychainManager.swift */,
				F46BC49C2EC2D714003F453A /* UserDefaultsManager.swift */,
			);
			path = Storage;
			sourceTree = "<group>";
		};
		F46BC4BE2EC2D863003F453A /* Models */ = {
			isa = PBXGroup;
			children = (
				F4D17A952ECD281200FA5393 /* Privacy.swift */,
				F4D17A882ECD1CE400FA5393 /* EnhancedProfile.swift */,
				F4D17A7F2ECD183600FA5393 /* Notification.swift */,
				F4D17A7D2ECD17C400FA5393 /* Analytics.swift */,
				F4D17A6E2ECD0AC600FA5393 /* Alert.swift */,
				F46BC4BF2EC2D863003F453A /* Conversation.swift */,
				F46BC4C02EC2D863003F453A /* Property.swift */,
				F46BC4C12EC2D863003F453A /* User.swift */,
				F46BC4C22EC2D863003F453A /* Group.swift */,
			);
			path = Models;
			sourceTree = "<group>";
		};
		F4BE8F8A2EC3680F00ABA917 /* Onboarding */ = {
			isa = PBXGroup;
			children = (
				F4BE8F8B2EC3680F00ABA917 /* OnboardingCoordinator.swift */,
				F4BE8F8C2EC3680F00ABA917 /* Steps */,
				F4BE8F9B2EC3680F00ABA917 /* OnboardingView.swift */,
			);
			name = Onboarding;
			sourceTree = "<group>";
		};
		F4BE8F8C2EC3680F00ABA917 /* Steps */ = {
			isa = PBXGroup;
			children = (
				F4BE8F8D2EC3680F00ABA917 /* OnboardingPersonalityView.swift */,
				F4BE8F8E2EC3680F00ABA917 /* OnboardingPreferencesView.swift */,
				F4BE8F8F2EC3680F00ABA917 /* OnboardingVerificationView.swift */,
				F4BE8F902EC3680F00ABA917 /* OnboardingHomeLifestyleView.swift */,
				F4BE8F912EC3680F00ABA917 /* OnboardingLifestyleView.swift */,
				F4BE8F922EC3680F00ABA917 /* OnboardingPropertyBasicsView.swift */,
				F4BE8F932EC3680F00ABA917 /* OnboardingOwnerAboutView.swift */,
				F4BE8F942EC3680F00ABA917 /* OnboardingIdealColivingView.swift */,
				F4BE8F952EC3680F00ABA917 /* OnboardingPaymentInfoView.swift */,
				F4BE8F962EC3680F00ABA917 /* OnboardingDailyHabitsView.swift */,
				F4BE8F972EC3680F00ABA917 /* OnboardingBasicInfoView.swift */,
				F4BE8F982EC3680F00ABA917 /* OnboardingReviewView.swift */,
				F4BE8F992EC3680F00ABA917 /* OnboardingLivingSituationView.swift */,
				F4BE8F9A2EC3680F00ABA917 /* OnboardingSocialVibeView.swift */,
			);
			path = Steps;
			sourceTree = "<group>";
		};
		F4CED50A2EC2D0130099AC70 = {
			isa = PBXGroup;
			children = (
				F4CED5152EC2D0130099AC70 /* EasyCo */,
				F4CED5142EC2D0130099AC70 /* Products */,
			);
			sourceTree = "<group>";
		};
		F4CED5142EC2D0130099AC70 /* Products */ = {
			isa = PBXGroup;
			children = (
				F4CED5132EC2D0130099AC70 /* EasyCo.app */,
				F4CED5232EC2D0170099AC70 /* EasyCoTests.xctest */,
				F4CED52D2EC2D0180099AC70 /* EasyCoUITests.xctest */,
			);
			name = Products;
			sourceTree = "<group>";
		};
		F4CED5152EC2D0130099AC70 /* EasyCo */ = {
			isa = PBXGroup;
			children = (
				F4D17A842ECD19D600FA5393 /* i18n */,
				F46BC4BE2EC2D863003F453A /* Models */,
				F46BC4852EC2D711003F453A /* Components */,
				F46BC4822EC2D710003F453A /* Config */,
				F46BC4922EC2D714003F453A /* Core */,
				F46BC48E2EC2D713003F453A /* Extensions */,
				F46BC4672EC2D70D003F453A /* Features */,
				F46BC4802EC2D70F003F453A /* Preview Content */,
				F4CED5162EC2D0130099AC70 /* EasyCoApp.swift */,
				F4CED5182EC2D0130099AC70 /* ContentView.swift */,
				F4CED51A2EC2D0170099AC70 /* Assets.xcassets */,
				F4CED51C2EC2D0170099AC70 /* Preview Content */,
			);
			path = EasyCo;
			sourceTree = "<group>";
		};
		F4CED51C2EC2D0170099AC70 /* Preview Content */ = {
			isa = PBXGroup;
			children = (
				F4CED51D2EC2D0170099AC70 /* Preview Assets.xcassets */,
			);
			path = "Preview Content";
			sourceTree = "<group>";
		};
		F4D17A6B2ECCF29300FA5393 /* Alerts */ = {
			isa = PBXGroup;
			children = (
				F4D17A692ECCF29300FA5393 /* AlertsView.swift */,
				F4D17A6A2ECCF29300FA5393 /* CreateAlertView.swift */,
			);
			path = Alerts;
			sourceTree = "<group>";
		};
		F4D17A772ECD0B1600FA5393 /* Services */ = {
			isa = PBXGroup;
			children = (
				F4D17A9B2ECD383D00FA5393 /* PropertyComparisonManager.swift */,
				F4D17A722ECD0B1600FA5393 /* AlertsManager.swift */,
				F4D17A732ECD0B1600FA5393 /* AnalyticsService.swift */,
				F4D17A742ECD0B1600FA5393 /* ImageCache.swift */,
				F4D17A752ECD0B1600FA5393 /* NotificationService.swift */,
				F4D17A762ECD0B1600FA5393 /* PushNotificationService.swift */,
			);
			path = Services;
			sourceTree = "<group>";
		};
		F4D17A842ECD19D600FA5393 /* i18n */ = {
			isa = PBXGroup;
			children = (
				F4D17A812ECD19D600FA5393 /* Language.swift */,
				F4D17A822ECD19D600FA5393 /* LanguageManager.swift */,
				F4D17A832ECD19D600FA5393 /* Translations.swift */,
			);
			path = i18n;
			sourceTree = "<group>";
		};
		F4D17A912ECD22A600FA5393 /* Notifications */ = {
			isa = PBXGroup;
			children = (
				F4D17A8E2ECD22A600FA5393 /* NotificationCenterView.swift */,
			);
			path = Notifications;
			sourceTree = "<group>";
		};
/* End PBXGroup section */

/* Begin PBXNativeTarget section */
		F4CED5122EC2D0130099AC70 /* EasyCo */ = {
			isa = PBXNativeTarget;
			buildConfigurationList = F4CED5372EC2D0180099AC70 /* Build configuration list for PBXNativeTarget "EasyCo" */;
			buildPhases = (
				F4CED50F2EC2D0130099AC70 /* Sources */,
				F4CED5102EC2D0130099AC70 /* Frameworks */,
				F4CED5112EC2D0130099AC70 /* Resources */,
			);
			buildRules = (
			);
			dependencies = (
			);
			name = EasyCo;
			productName = EasyCo;
			productReference = F4CED5132EC2D0130099AC70 /* EasyCo.app */;
			productType = "com.apple.product-type.application";
		};
		F4CED5222EC2D0170099AC70 /* EasyCoTests */ = {
			isa = PBXNativeTarget;
			buildConfigurationList = F4CED53A2EC2D0180099AC70 /* Build configuration list for PBXNativeTarget "EasyCoTests" */;
			buildPhases = (
				F4CED51F2EC2D0170099AC70 /* Sources */,
				F4CED5202EC2D0170099AC70 /* Frameworks */,
				F4CED5212EC2D0170099AC70 /* Resources */,
			);
			buildRules = (
			);
			dependencies = (
				F4CED5252EC2D0170099AC70 /* PBXTargetDependency */,
			);
			name = EasyCoTests;
			productName = EasyCoTests;
			productReference = F4CED5232EC2D0170099AC70 /* EasyCoTests.xctest */;
			productType = "com.apple.product-type.bundle.unit-test";
		};
		F4CED52C2EC2D0180099AC70 /* EasyCoUITests */ = {
			isa = PBXNativeTarget;
			buildConfigurationList = F4CED53D2EC2D0180099AC70 /* Build configuration list for PBXNativeTarget "EasyCoUITests" */;
			buildPhases = (
				F4CED5292EC2D0180099AC70 /* Sources */,
				F4CED52A2EC2D0180099AC70 /* Frameworks */,
				F4CED52B2EC2D0180099AC70 /* Resources */,
			);
			buildRules = (
			);
			dependencies = (
				F4CED52F2EC2D0180099AC70 /* PBXTargetDependency */,
			);
			name = EasyCoUITests;
			productName = EasyCoUITests;
			productReference = F4CED52D2EC2D0180099AC70 /* EasyCoUITests.xctest */;
			productType = "com.apple.product-type.bundle.ui-testing";
		};
/* End PBXNativeTarget section */

/* Begin PBXProject section */
		F4CED50B2EC2D0130099AC70 /* Project object */ = {
			isa = PBXProject;
			attributes = {
				BuildIndependentTargetsInParallel = 1;
				LastSwiftUpdateCheck = 1420;
				LastUpgradeCheck = 1420;
				TargetAttributes = {
					F4CED5122EC2D0130099AC70 = {
						CreatedOnToolsVersion = 14.2;
					};
					F4CED5222EC2D0170099AC70 = {
						CreatedOnToolsVersion = 14.2;
						TestTargetID = F4CED5122EC2D0130099AC70;
					};
					F4CED52C2EC2D0180099AC70 = {
						CreatedOnToolsVersion = 14.2;
						TestTargetID = F4CED5122EC2D0130099AC70;
					};
				};
			};
			buildConfigurationList = F4CED50E2EC2D0130099AC70 /* Build configuration list for PBXProject "EasyCo" */;
			compatibilityVersion = "Xcode 14.0";
			developmentRegion = en;
			hasScannedForEncodings = 0;
			knownRegions = (
				en,
				Base,
			);
			mainGroup = F4CED50A2EC2D0130099AC70;
			productRefGroup = F4CED5142EC2D0130099AC70 /* Products */;
			projectDirPath = "";
			projectRoot = "";
			targets = (
				F4CED5122EC2D0130099AC70 /* EasyCo */,
				F4CED5222EC2D0170099AC70 /* EasyCoTests */,
				F4CED52C2EC2D0180099AC70 /* EasyCoUITests */,
			);
		};
/* End PBXProject section */

/* Begin PBXResourcesBuildPhase section */
		F4CED5112EC2D0130099AC70 /* Resources */ = {
			isa = PBXResourcesBuildPhase;
			buildActionMask = 2147483647;
			files = (
				F4CED51E2EC2D0170099AC70 /* Preview Assets.xcassets in Resources */,
				F46BC4AB2EC2D716003F453A /* Preview Assets.xcassets in Resources */,
				F4CED51B2EC2D0170099AC70 /* Assets.xcassets in Resources */,
			);
			runOnlyForDeploymentPostprocessing = 0;
		};
		F4CED5212EC2D0170099AC70 /* Resources */ = {
			isa = PBXResourcesBuildPhase;
			buildActionMask = 2147483647;
			files = (
			);
			runOnlyForDeploymentPostprocessing = 0;
		};
		F4CED52B2EC2D0180099AC70 /* Resources */ = {
			isa = PBXResourcesBuildPhase;
			buildActionMask = 2147483647;
			files = (
			);
			runOnlyForDeploymentPostprocessing = 0;
		};
/* End PBXResourcesBuildPhase section */

/* Begin PBXSourcesBuildPhase section */
		F4CED50F2EC2D0130099AC70 /* Sources */ = {
			isa = PBXSourcesBuildPhase;
			buildActionMask = 2147483647;
			files = (
				F46BC4A12EC2D716003F453A /* SignupView.swift in Sources */,
				F46BC4BB2EC2D716003F453A /* NetworkError.swift in Sources */,
				F4BE8FA52EC3680F00ABA917 /* OnboardingPaymentInfoView.swift in Sources */,
				F4D17A782ECD0B1600FA5393 /* NotificationService.swift in Sources */,
				F4D17A792ECD0B1600FA5393 /* PushNotificationService.swift in Sources */,
				F4D17A9C2ECD383D00FA5393 /* PropertyComparisonManager.swift in Sources */,
				F4D17A7A2ECD0B1600FA5393 /* AlertsManager.swift in Sources */,
				F4D17A7B2ECD0B1600FA5393 /* ImageCache.swift in Sources */,
				F4D17A7C2ECD0B1600FA5393 /* AnalyticsService.swift in Sources */,
				F4D17A7E2ECD17C400FA5393 /* Analytics.swift in Sources */,
				F46BC4BD2EC2D716003F453A /* UserDefaultsManager.swift in Sources */,
				F46BC4AE2EC2D716003F453A /* CustomButton.swift in Sources */,
				F4BE8FA92EC3680F00ABA917 /* OnboardingLivingSituationView.swift in Sources */,
				F46BC4B82EC2D716003F453A /* AuthManager.swift in Sources */,
				F46BC4AF2EC2D716003F453A /* EmptyStateView.swift in Sources */,
				F4D17A962ECD281200FA5393 /* Privacy.swift in Sources */,
				F4BE8FAA2EC3680F00ABA917 /* OnboardingSocialVibeView.swift in Sources */,
				F46BC4B72EC2D716003F453A /* SupabaseAuth.swift in Sources */,
				F46BC4A82EC2D716003F453A /* PropertyCardView.swift in Sources */,
				F46BC49F2EC2D716003F453A /* AuthViewModel.swift in Sources */,
				F4BE8FA72EC3680F00ABA917 /* OnboardingBasicInfoView.swift in Sources */,
				F46BC4B32EC2D716003F453A /* SearchBar.swift in Sources */,
				F4D17A9E2ECD385C00FA5393 /* PropertyComparisonView.swift in Sources */,
				F4D17A802ECD183600FA5393 /* Notification.swift in Sources */,
				F46BC4B02EC2D716003F453A /* LoadingView.swift in Sources */,
				F46BC4A42EC2D716003F453A /* ProfileView.swift in Sources */,
				F46BC4A92EC2D716003F453A /* PropertiesViewModel.swift in Sources */,
				F4BE8FA82EC3680F00ABA917 /* OnboardingReviewView.swift in Sources */,
				F4CED5192EC2D0130099AC70 /* ContentView.swift in Sources */,
				F4BE8F9E2EC3680F00ABA917 /* OnboardingPreferencesView.swift in Sources */,
				F46BC4A52EC2D716003F453A /* FiltersView.swift in Sources */,
				F46BC4B62EC2D716003F453A /* Date+Extensions.swift in Sources */,
				F4BE8F9C2EC3680F00ABA917 /* OnboardingCoordinator.swift in Sources */,
				F4D17A8C2ECD1CFD00FA5393 /* EnhancedProfileStepViews.swift in Sources */,
				F4D17A8D2ECD1CFD00FA5393 /* ProfileCompletionView.swift in Sources */,
				F46BC49D2EC2D716003F453A /* MessagesListView.swift in Sources */,
				F4D17A6F2ECD0AC600FA5393 /* Alert.swift in Sources */,
				F46BC4A62EC2D716003F453A /* PropertyDetailView.swift in Sources */,
				F46BC4C42EC2D863003F453A /* Property.swift in Sources */,
				F46BC4C32EC2D863003F453A /* Conversation.swift in Sources */,
				F4D17A6C2ECCF29300FA5393 /* AlertsView.swift in Sources */,
				F4D17A6D2ECCF29300FA5393 /* CreateAlertView.swift in Sources */,
				F46BC4AD2EC2D716003F453A /* AppConfig.swift in Sources */,
				F46BC4A72EC2D716003F453A /* PropertiesListView.swift in Sources */,
				F4D17A992ECD283F00FA5393 /* PrivacyActionsViews.swift in Sources */,
				F4D17A9A2ECD283F00FA5393 /* PrivacySettingsView.swift in Sources */,
				F4D17A892ECD1CE400FA5393 /* EnhancedProfile.swift in Sources */,
				F4D17A852ECD19D600FA5393 /* Translations.swift in Sources */,
				F4D17A862ECD19D600FA5393 /* LanguageManager.swift in Sources */,
				F4D17A872ECD19D600FA5393 /* Language.swift in Sources */,
				F46BC4B42EC2D716003F453A /* String+Extensions.swift in Sources */,
				F46BC4C82EC2DADC003F453A /* KeychainManager.swift in Sources */,
				F4BE8FA22EC3680F00ABA917 /* OnboardingPropertyBasicsView.swift in Sources */,
				F46BC4C52EC2D863003F453A /* User.swift in Sources */,
				F46BC4A22EC2D716003F453A /* FavoritesView.swift in Sources */,
				F46BC4C62EC2D863003F453A /* Group.swift in Sources */,
				F4D17A932ECD22A600FA5393 /* NotificationCenterView.swift in Sources */,
				F46BC49E2EC2D716003F453A /* LoginView.swift in Sources */,
				F4BE8FA32EC3680F00ABA917 /* OnboardingOwnerAboutView.swift in Sources */,
				F46BC4A02EC2D716003F453A /* ForgotPasswordView.swift in Sources */,
				F4BE8FA12EC3680F00ABA917 /* OnboardingLifestyleView.swift in Sources */,
				F4BE8FAB2EC3680F00ABA917 /* OnboardingView.swift in Sources */,
				F46BC4AA2EC2D716003F453A /* OnboardingView.swift in Sources */,
				F46BC4B92EC2D716003F453A /* APIClient.swift in Sources */,
				F46BC4B22EC2D716003F453A /* FilterChip.swift in Sources */,
				F4CED5172EC2D0130099AC70 /* EasyCoApp.swift in Sources */,
				F4BE8F9D2EC3680F00ABA917 /* OnboardingPersonalityView.swift in Sources */,
				F46BC4B52EC2D716003F453A /* View+Extensions.swift in Sources */,
				F46BC4BA2EC2D716003F453A /* APIEndpoint.swift in Sources */,
				F4BE8FA62EC3680F00ABA917 /* OnboardingDailyHabitsView.swift in Sources */,
				F4BE8F9F2EC3680F00ABA917 /* OnboardingVerificationView.swift in Sources */,
				F4BE8FA02EC3680F00ABA917 /* OnboardingHomeLifestyleView.swift in Sources */,
				F4BE8FA42EC3680F00ABA917 /* OnboardingIdealColivingView.swift in Sources */,
				F46BC4A32EC2D716003F453A /* GroupsListView.swift in Sources */,
				F46BC4AC2EC2D716003F453A /* Theme.swift in Sources */,
				F46BC4B12EC2D716003F453A /* ErrorView.swift in Sources */,
			);
			runOnlyForDeploymentPostprocessing = 0;
		};
		F4CED51F2EC2D0170099AC70 /* Sources */ = {
			isa = PBXSourcesBuildPhase;
			buildActionMask = 2147483647;
			files = (
			);
			runOnlyForDeploymentPostprocessing = 0;
		};
		F4CED5292EC2D0180099AC70 /* Sources */ = {
			isa = PBXSourcesBuildPhase;
			buildActionMask = 2147483647;
			files = (
			);
			runOnlyForDeploymentPostprocessing = 0;
		};
/* End PBXSourcesBuildPhase section */

/* Begin PBXTargetDependency section */
		F4CED5252EC2D0170099AC70 /* PBXTargetDependency */ = {
			isa = PBXTargetDependency;
			target = F4CED5122EC2D0130099AC70 /* EasyCo */;
			targetProxy = F4CED5242EC2D0170099AC70 /* PBXContainerItemProxy */;
		};
		F4CED52F2EC2D0180099AC70 /* PBXTargetDependency */ = {
			isa = PBXTargetDependency;
			target = F4CED5122EC2D0130099AC70 /* EasyCo */;
			targetProxy = F4CED52E2EC2D0180099AC70 /* PBXContainerItemProxy */;
		};
/* End PBXTargetDependency section */

/* Begin XCBuildConfiguration section */
		F4CED5352EC2D0180099AC70 /* Debug */ = {
			isa = XCBuildConfiguration;
			buildSettings = {
				ALWAYS_SEARCH_USER_PATHS = NO;
				CLANG_ANALYZER_NONNULL = YES;
				CLANG_ANALYZER_NUMBER_OBJECT_CONVERSION = YES_AGGRESSIVE;
				CLANG_CXX_LANGUAGE_STANDARD = "gnu++20";
				CLANG_ENABLE_MODULES = YES;
				CLANG_ENABLE_OBJC_ARC = YES;
				CLANG_ENABLE_OBJC_WEAK = YES;
				CLANG_WARN_BLOCK_CAPTURE_AUTORELEASING = YES;
				CLANG_WARN_BOOL_CONVERSION = YES;
				CLANG_WARN_COMMA = YES;
				CLANG_WARN_CONSTANT_CONVERSION = YES;
				CLANG_WARN_DEPRECATED_OBJC_IMPLEMENTATIONS = YES;
				CLANG_WARN_DIRECT_OBJC_ISA_USAGE = YES_ERROR;
				CLANG_WARN_DOCUMENTATION_COMMENTS = YES;
				CLANG_WARN_EMPTY_BODY = YES;
				CLANG_WARN_ENUM_CONVERSION = YES;
				CLANG_WARN_INFINITE_RECURSION = YES;
				CLANG_WARN_INT_CONVERSION = YES;
				CLANG_WARN_NON_LITERAL_NULL_CONVERSION = YES;
				CLANG_WARN_OBJC_IMPLICIT_RETAIN_SELF = YES;
				CLANG_WARN_OBJC_LITERAL_CONVERSION = YES;
				CLANG_WARN_OBJC_ROOT_CLASS = YES_ERROR;
				CLANG_WARN_QUOTED_INCLUDE_IN_FRAMEWORK_HEADER = YES;
				CLANG_WARN_RANGE_LOOP_ANALYSIS = YES;
				CLANG_WARN_STRICT_PROTOTYPES = YES;
				CLANG_WARN_SUSPICIOUS_MOVE = YES;
				CLANG_WARN_UNGUARDED_AVAILABILITY = YES_AGGRESSIVE;
				CLANG_WARN_UNREACHABLE_CODE = YES;
				CLANG_WARN__DUPLICATE_METHOD_MATCH = YES;
				COPY_PHASE_STRIP = NO;
				DEBUG_INFORMATION_FORMAT = dwarf;
				ENABLE_STRICT_OBJC_MSGSEND = YES;
				ENABLE_TESTABILITY = YES;
				GCC_C_LANGUAGE_STANDARD = gnu11;
				GCC_DYNAMIC_NO_PIC = NO;
				GCC_NO_COMMON_BLOCKS = YES;
				GCC_OPTIMIZATION_LEVEL = 0;
				GCC_PREPROCESSOR_DEFINITIONS = (
					"DEBUG=1",
					"$(inherited)",
				);
				GCC_WARN_64_TO_32_BIT_CONVERSION = YES;
				GCC_WARN_ABOUT_RETURN_TYPE = YES_ERROR;
				GCC_WARN_UNDECLARED_SELECTOR = YES;
				GCC_WARN_UNINITIALIZED_AUTOS = YES_AGGRESSIVE;
				GCC_WARN_UNUSED_FUNCTION = YES;
				GCC_WARN_UNUSED_VARIABLE = YES;
				IPHONEOS_DEPLOYMENT_TARGET = 16.2;
				MTL_ENABLE_DEBUG_INFO = INCLUDE_SOURCE;
				MTL_FAST_MATH = YES;
				ONLY_ACTIVE_ARCH = YES;
				SDKROOT = iphoneos;
				SWIFT_ACTIVE_COMPILATION_CONDITIONS = DEBUG;
				SWIFT_OPTIMIZATION_LEVEL = "-Onone";
			};
			name = Debug;
		};
		F4CED5362EC2D0180099AC70 /* Release */ = {
			isa = XCBuildConfiguration;
			buildSettings = {
				ALWAYS_SEARCH_USER_PATHS = NO;
				CLANG_ANALYZER_NONNULL = YES;
				CLANG_ANALYZER_NUMBER_OBJECT_CONVERSION = YES_AGGRESSIVE;
				CLANG_CXX_LANGUAGE_STANDARD = "gnu++20";
				CLANG_ENABLE_MODULES = YES;
				CLANG_ENABLE_OBJC_ARC = YES;
				CLANG_ENABLE_OBJC_WEAK = YES;
				CLANG_WARN_BLOCK_CAPTURE_AUTORELEASING = YES;
				CLANG_WARN_BOOL_CONVERSION = YES;
				CLANG_WARN_COMMA = YES;
				CLANG_WARN_CONSTANT_CONVERSION = YES;
				CLANG_WARN_DEPRECATED_OBJC_IMPLEMENTATIONS = YES;
				CLANG_WARN_DIRECT_OBJC_ISA_USAGE = YES_ERROR;
				CLANG_WARN_DOCUMENTATION_COMMENTS = YES;
				CLANG_WARN_EMPTY_BODY = YES;
				CLANG_WARN_ENUM_CONVERSION = YES;
				CLANG_WARN_INFINITE_RECURSION = YES;
				CLANG_WARN_INT_CONVERSION = YES;
				CLANG_WARN_NON_LITERAL_NULL_CONVERSION = YES;
				CLANG_WARN_OBJC_IMPLICIT_RETAIN_SELF = YES;
				CLANG_WARN_OBJC_LITERAL_CONVERSION = YES;
				CLANG_WARN_OBJC_ROOT_CLASS = YES_ERROR;
				CLANG_WARN_QUOTED_INCLUDE_IN_FRAMEWORK_HEADER = YES;
				CLANG_WARN_RANGE_LOOP_ANALYSIS = YES;
				CLANG_WARN_STRICT_PROTOTYPES = YES;
				CLANG_WARN_SUSPICIOUS_MOVE = YES;
				CLANG_WARN_UNGUARDED_AVAILABILITY = YES_AGGRESSIVE;
				CLANG_WARN_UNREACHABLE_CODE = YES;
				CLANG_WARN__DUPLICATE_METHOD_MATCH = YES;
				COPY_PHASE_STRIP = NO;
				DEBUG_INFORMATION_FORMAT = "dwarf-with-dsym";
				ENABLE_NS_ASSERTIONS = NO;
				ENABLE_STRICT_OBJC_MSGSEND = YES;
				GCC_C_LANGUAGE_STANDARD = gnu11;
				GCC_NO_COMMON_BLOCKS = YES;
				GCC_WARN_64_TO_32_BIT_CONVERSION = YES;
				GCC_WARN_ABOUT_RETURN_TYPE = YES_ERROR;
				GCC_WARN_UNDECLARED_SELECTOR = YES;
				GCC_WARN_UNINITIALIZED_AUTOS = YES_AGGRESSIVE;
				GCC_WARN_UNUSED_FUNCTION = YES;
				GCC_WARN_UNUSED_VARIABLE = YES;
				IPHONEOS_DEPLOYMENT_TARGET = 16.2;
				MTL_ENABLE_DEBUG_INFO = NO;
				MTL_FAST_MATH = YES;
				SDKROOT = iphoneos;
				SWIFT_COMPILATION_MODE = wholemodule;
				SWIFT_OPTIMIZATION_LEVEL = "-O";
				VALIDATE_PRODUCT = YES;
			};
			name = Release;
		};
		F4CED5382EC2D0180099AC70 /* Debug */ = {
			isa = XCBuildConfiguration;
			buildSettings = {
				ASSETCATALOG_COMPILER_APPICON_NAME = AppIcon;
				ASSETCATALOG_COMPILER_GLOBAL_ACCENT_COLOR_NAME = AccentColor;
				CODE_SIGN_STYLE = Automatic;
				CURRENT_PROJECT_VERSION = 1;
				DEVELOPMENT_ASSET_PATHS = "\"EasyCo/Preview Content\"";
				DEVELOPMENT_TEAM = 6B7P7X366P;
				ENABLE_PREVIEWS = YES;
				GENERATE_INFOPLIST_FILE = YES;
				INFOPLIST_KEY_UIApplicationSceneManifest_Generation = YES;
				INFOPLIST_KEY_UIApplicationSupportsIndirectInputEvents = YES;
				INFOPLIST_KEY_UILaunchScreen_Generation = YES;
				INFOPLIST_KEY_UISupportedInterfaceOrientations_iPad = "UIInterfaceOrientationPortrait UIInterfaceOrientationPortraitUpsideDown UIInterfaceOrientationLandscapeLeft UIInterfaceOrientationLandscapeRight";
				INFOPLIST_KEY_UISupportedInterfaceOrientations_iPhone = "UIInterfaceOrientationPortrait UIInterfaceOrientationLandscapeLeft UIInterfaceOrientationLandscapeRight";
				LD_RUNPATH_SEARCH_PATHS = (
					"$(inherited)",
					"@executable_path/Frameworks",
				);
				MARKETING_VERSION = 1.0;
				PRODUCT_BUNDLE_IDENTIFIER = com.easyco.EasyCo;
				PRODUCT_NAME = "$(TARGET_NAME)";
				SWIFT_EMIT_LOC_STRINGS = YES;
				SWIFT_VERSION = 5.0;
				TARGETED_DEVICE_FAMILY = "1,2";
			};
			name = Debug;
		};
		F4CED5392EC2D0180099AC70 /* Release */ = {
			isa = XCBuildConfiguration;
			buildSettings = {
				ASSETCATALOG_COMPILER_APPICON_NAME = AppIcon;
				ASSETCATALOG_COMPILER_GLOBAL_ACCENT_COLOR_NAME = AccentColor;
				CODE_SIGN_STYLE = Automatic;
				CURRENT_PROJECT_VERSION = 1;
				DEVELOPMENT_ASSET_PATHS = "\"EasyCo/Preview Content\"";
				DEVELOPMENT_TEAM = 6B7P7X366P;
				ENABLE_PREVIEWS = YES;
				GENERATE_INFOPLIST_FILE = YES;
				INFOPLIST_KEY_UIApplicationSceneManifest_Generation = YES;
				INFOPLIST_KEY_UIApplicationSupportsIndirectInputEvents = YES;
				INFOPLIST_KEY_UILaunchScreen_Generation = YES;
				INFOPLIST_KEY_UISupportedInterfaceOrientations_iPad = "UIInterfaceOrientationPortrait UIInterfaceOrientationPortraitUpsideDown UIInterfaceOrientationLandscapeLeft UIInterfaceOrientationLandscapeRight";
				INFOPLIST_KEY_UISupportedInterfaceOrientations_iPhone = "UIInterfaceOrientationPortrait UIInterfaceOrientationLandscapeLeft UIInterfaceOrientationLandscapeRight";
				LD_RUNPATH_SEARCH_PATHS = (
					"$(inherited)",
					"@executable_path/Frameworks",
				);
				MARKETING_VERSION = 1.0;
				PRODUCT_BUNDLE_IDENTIFIER = com.easyco.EasyCo;
				PRODUCT_NAME = "$(TARGET_NAME)";
				SWIFT_EMIT_LOC_STRINGS = YES;
				SWIFT_VERSION = 5.0;
				TARGETED_DEVICE_FAMILY = "1,2";
			};
			name = Release;
		};
		F4CED53B2EC2D0180099AC70 /* Debug */ = {
			isa = XCBuildConfiguration;
			buildSettings = {
				ALWAYS_EMBED_SWIFT_STANDARD_LIBRARIES = YES;
				BUNDLE_LOADER = "$(TEST_HOST)";
				CODE_SIGN_STYLE = Automatic;
				CURRENT_PROJECT_VERSION = 1;
				DEVELOPMENT_TEAM = 6B7P7X366P;
				GENERATE_INFOPLIST_FILE = YES;
				IPHONEOS_DEPLOYMENT_TARGET = 16.2;
				MARKETING_VERSION = 1.0;
				PRODUCT_BUNDLE_IDENTIFIER = com.easyco.EasyCoTests;
				PRODUCT_NAME = "$(TARGET_NAME)";
				SWIFT_EMIT_LOC_STRINGS = NO;
				SWIFT_VERSION = 5.0;
				TARGETED_DEVICE_FAMILY = "1,2";
				TEST_HOST = "$(BUILT_PRODUCTS_DIR)/EasyCo.app/$(BUNDLE_EXECUTABLE_FOLDER_PATH)/EasyCo";
			};
			name = Debug;
		};
		F4CED53C2EC2D0180099AC70 /* Release */ = {
			isa = XCBuildConfiguration;
			buildSettings = {
				ALWAYS_EMBED_SWIFT_STANDARD_LIBRARIES = YES;
				BUNDLE_LOADER = "$(TEST_HOST)";
				CODE_SIGN_STYLE = Automatic;
				CURRENT_PROJECT_VERSION = 1;
				DEVELOPMENT_TEAM = 6B7P7X366P;
				GENERATE_INFOPLIST_FILE = YES;
				IPHONEOS_DEPLOYMENT_TARGET = 16.2;
				MARKETING_VERSION = 1.0;
				PRODUCT_BUNDLE_IDENTIFIER = com.easyco.EasyCoTests;
				PRODUCT_NAME = "$(TARGET_NAME)";
				SWIFT_EMIT_LOC_STRINGS = NO;
				SWIFT_VERSION = 5.0;
				TARGETED_DEVICE_FAMILY = "1,2";
				TEST_HOST = "$(BUILT_PRODUCTS_DIR)/EasyCo.app/$(BUNDLE_EXECUTABLE_FOLDER_PATH)/EasyCo";
			};
			name = Release;
		};
		F4CED53E2EC2D0180099AC70 /* Debug */ = {
			isa = XCBuildConfiguration;
			buildSettings = {
				ALWAYS_EMBED_SWIFT_STANDARD_LIBRARIES = YES;
				CODE_SIGN_STYLE = Automatic;
				CURRENT_PROJECT_VERSION = 1;
				DEVELOPMENT_TEAM = 6B7P7X366P;
				GENERATE_INFOPLIST_FILE = YES;
				MARKETING_VERSION = 1.0;
				PRODUCT_BUNDLE_IDENTIFIER = com.easyco.EasyCoUITests;
				PRODUCT_NAME = "$(TARGET_NAME)";
				SWIFT_EMIT_LOC_STRINGS = NO;
				SWIFT_VERSION = 5.0;
				TARGETED_DEVICE_FAMILY = "1,2";
				TEST_TARGET_NAME = EasyCo;
			};
			name = Debug;
		};
		F4CED53F2EC2D0180099AC70 /* Release */ = {
			isa = XCBuildConfiguration;
			buildSettings = {
				ALWAYS_EMBED_SWIFT_STANDARD_LIBRARIES = YES;
				CODE_SIGN_STYLE = Automatic;
				CURRENT_PROJECT_VERSION = 1;
				DEVELOPMENT_TEAM = 6B7P7X366P;
				GENERATE_INFOPLIST_FILE = YES;
				MARKETING_VERSION = 1.0;
				PRODUCT_BUNDLE_IDENTIFIER = com.easyco.EasyCoUITests;
				PRODUCT_NAME = "$(TARGET_NAME)";
				SWIFT_EMIT_LOC_STRINGS = NO;
				SWIFT_VERSION = 5.0;
				TARGETED_DEVICE_FAMILY = "1,2";
				TEST_TARGET_NAME = EasyCo;
			};
			name = Release;
		};
/* End XCBuildConfiguration section */

/* Begin XCConfigurationList section */
		F4CED50E2EC2D0130099AC70 /* Build configuration list for PBXProject "EasyCo" */ = {
			isa = XCConfigurationList;
			buildConfigurations = (
				F4CED5352EC2D0180099AC70 /* Debug */,
				F4CED5362EC2D0180099AC70 /* Release */,
			);
			defaultConfigurationIsVisible = 0;
			defaultConfigurationName = Release;
		};
		F4CED5372EC2D0180099AC70 /* Build configuration list for PBXNativeTarget "EasyCo" */ = {
			isa = XCConfigurationList;
			buildConfigurations = (
				F4CED5382EC2D0180099AC70 /* Debug */,
				F4CED5392EC2D0180099AC70 /* Release */,
			);
			defaultConfigurationIsVisible = 0;
			defaultConfigurationName = Release;
		};
		F4CED53A2EC2D0180099AC70 /* Build configuration list for PBXNativeTarget "EasyCoTests" */ = {
			isa = XCConfigurationList;
			buildConfigurations = (
				F4CED53B2EC2D0180099AC70 /* Debug */,
				F4CED53C2EC2D0180099AC70 /* Release */,
			);
			defaultConfigurationIsVisible = 0;
			defaultConfigurationName = Release;
		};
		F4CED53D2EC2D0180099AC70 /* Build configuration list for PBXNativeTarget "EasyCoUITests" */ = {
			isa = XCConfigurationList;
			buildConfigurations = (
				F4CED53E2EC2D0180099AC70 /* Debug */,
				F4CED53F2EC2D0180099AC70 /* Release */,
			);
			defaultConfigurationIsVisible = 0;
			defaultConfigurationName = Release;
		};
/* End XCConfigurationList section */
	};
	rootObject = F4CED50B2EC2D0130099AC70 /* Project object */;
}
